
Microsoft Visual Studio Solution File, Format Version 12.00
# Visual Studio Version 17
VisualStudioVersion = 17.4.33213.308
MinimumVisualStudioVersion = 10.0.40219.1
Project("{FAE04EC0-301F-11D3-BF4B-00C04F79EFBC}") = "sexOSKernel", "sexOSKernel\sexOSKernel.csproj", "{BB29D917-59A9-40F5-B8FA-29D87D217949}"
EndProject
Global
	GlobalSection(SolutionConfigurationPlatforms) = preSolution
		Debug|Any CPU = Debug|Any CPU
		Release|Any CPU = Release|Any CPU
	EndGlobalSection
	GlobalSection(ProjectConfigurationPlatforms) = postSolution
		{BB29D917-59A9-40F5-B8FA-29D87D217949}.Debug|Any CPU.ActiveCfg = Debug|Any CPU
		{BB29D917-59A9-40F5-B8FA-29D87D217949}.Debug|Any CPU.Build.0 = Debug|Any CPU
		{BB29D917-59A9-40F5-B8FA-29D87D217949}.Release|Any CPU.ActiveCfg = Release|Any CPU
		{BB29D917-59A9-40F5-B8FA-29D87D217949}.Release|Any CPU.Build.0 = Release|Any CPU
	EndGlobalSection
	GlobalSection(SolutionProperties) = preSolution
		HideSolutionNode = FALSE
	EndGlobalSection
	GlobalSection(ExtensibilityGlobals) = postSolution
		SolutionGuid = {A1260F97-FB7E-4B84-AB7F-017364B8EFF9}
	EndGlobalSection
EndGlobal
